
Microsoft Visual Studio Solution File, Format Version 12.00
# Visual Studio 15
VisualStudioVersion = 15.0.27130.2024
MinimumVisualStudioVersion = 10.0.40219.1
Project("{FAE04EC0-301F-11D3-BF4B-00C04F79EFBC}") = "Bundles", "Bundles\Bundles.csproj", "{9E7F8354-5ACE-4458-81FD-C0103345D610}"
EndProject
Global
	GlobalSection(SolutionConfigurationPlatforms) = preSolution
		Debug|Any CPU = Debug|Any CPU
		Release|Any CPU = Release|Any CPU
	EndGlobalSection
	GlobalSection(ProjectConfigurationPlatforms) = postSolution
		{9E7F8354-5ACE-4458-81FD-C0103345D610}.Debug|Any CPU.ActiveCfg = Debug|Any CPU
		{9E7F8354-5ACE-4458-81FD-C0103345D610}.Debug|Any CPU.Build.0 = Debug|Any CPU
		{9E7F8354-5ACE-4458-81FD-C0103345D610}.Release|Any CPU.ActiveCfg = Release|Any CPU
		{9E7F8354-5ACE-4458-81FD-C0103345D610}.Release|Any CPU.Build.0 = Release|Any CPU
	EndGlobalSection
	GlobalSection(SolutionProperties) = preSolution
		HideSolutionNode = FALSE
	EndGlobalSection
	GlobalSection(ExtensibilityGlobals) = postSolution
		SolutionGuid = {7734093C-2B51-4404-B6A7-FCB37AD73A4F}
	EndGlobalSection
EndGlobal
